{
  "nodes": {
    "agenix": {
      "inputs": {
        "darwin": "darwin",
        "home-manager": "home-manager",
        "nixpkgs": "nixpkgs"
      },
      "locked": {
        "lastModified": 1790460690,
        "narHash": "sha256-5T54NUBA0c1eo7a8MMT1GOuFYsDqqa91rLWp7l/xPC8=",
        "owner": "ryantm",
        "repo": "agenix",
        "rev": "654f73179924797b0d5307105398aedfcdc10800",
        "type": "github"
      },
      "original": {
        "owner": "ryantm",
        "repo": "agenix",
        "type": "github"
      }
    },
    "darwin": {
      "inputs": {
        "nixpkgs": [
          "agenix",
          "nixpkgs"
        ]
      },
      "locked": {
        "lastModified": 1783744694,
        "narHash": "sha256-2cp6N3rrwnGYLTx9l6N+NI+kwrCWxvJUbj5WJhvB29A=",
        "owner": "nix-darwin",
        "repo": "nix-darwin",
        "rev": "c3e90c89649b07d1a96e4b9dd6cd0d6e44b91a74",
        "type": "github"
      },
      "original": {
        "owner": "nix-darwin",
        "ref": "nix-darwin-26.05",
        "repo": "nix-darwin",
        "type": "github"
      }
    },
    "disko": {
      "inputs": {
        "nixpkgs": [
          "nixpkgs"
        ]
      },
      "locked": {
        "lastModified": 1768920986,
        "narHash": "sha256-CNzzBsRhq7gg4BMBuTDObiWDH/rFYHEuDRVOwCcwXw4=",
        "owner": "nix-community",
        "repo": "disko",
        "rev": "de5708739256238fb912c62f03988815db89ec9a",
        "type": "github"
      },
      "original": {
        "owner": "nix-community",
        "ref": "latest",
        "repo": "disko",
        "type": "github"
      }
    },
    "home-manager": {
      "inputs": {
        "nixpkgs": [
          "agenix",
          "nixpkgs"
        ]
      },
      "locked": {
        "lastModified": 1790215976,
        "narHash": "sha256-VkR1rMGyjU9jtw8ISFx5uqR9e+LEaOlhHwrseFkiIVk=",
        "owner": "nix-community",
        "repo": "home-manager",
        "rev": "a6631107a83ceab5872f298a2ea710859c80c4cb",
        "type": "github"
      },
      "original": {
        "owner": "nix-community",
        "ref": "release-26.05",
        "repo": "home-manager",
        "type": "github"
      }
    },
    "home-manager-stable": {
      "inputs": {
        "nixpkgs": [
          "nixpkgs-stable"
        ]
      },
      "locked": {
        "lastModified": 1790215976,
        "narHash": "sha256-VkR1rMGyjU9jtw8ISFx5uqR9e+LEaOlhHwrseFkiIVk=",
        "owner": "nix-community",
        "repo": "home-manager",
        "rev": "a6631107a83ceab5872f298a2ea710859c80c4cb",
        "type": "github"
      },
      "original": {
        "owner": "nix-community",
        "ref": "release-26.05",
        "repo": "home-manager",
        "type": "github"
      }
    },
    "home-manager_2": {
      "inputs": {
        "nixpkgs": [
          "nixpkgs"
        ]
      },
      "locked": {
        "lastModified": 1790365885,
        "narHash": "sha256-iQ0ebhiVo64NktTnwft9hNxlFu4j5cvljVxyJaEVIP4=",
        "owner": "nix-community",
        "repo": "home-manager",
        "rev": "7b4c5ec4bedaf1e062bbc1bcaeddbc6bd242aa1b",
        "type": "github"
      },
      "original": {
        "owner": "nix-community",
        "repo": "home-manager",
        "type": "github"
      }
    },
    "nixpkgs": {
      "locked": {
        "lastModified": 1790340521,
        "narHash": "sha256-cRrWlIjVRJ6BHDr9caUdXsZ3owzWIKYHpNmGPHBInIU=",
        "owner": "NixOS",
        "repo": "nixpkgs",
        "rev": "f5c082a40f7571c266e74e80ae2e68aadd8a9fc7",
        "type": "github"
      },
      "original": {
        "owner": "NixOS",
        "ref": "nixos-26.05",
        "repo": "nixpkgs",
        "type": "github"
      }
    },
    "nixpkgs-stable": {
      "locked": {
        "lastModified": 1790450978,
        "narHash": "sha256-/eLCD/X9kaWJqPR47+fDozEC87Hjmm3i8gJbYmDAD7g=",
        "owner": "NixOS",
        "repo": "nixpkgs",
        "rev": "5e2305d577ca00acbba631b05cb1094d172b29f3",
        "type": "github"
      },
      "original": {
        "owner": "NixOS",
        "ref": "nixos-26.05",
        "repo": "nixpkgs",
        "type": "github"
      }
    },
    "nixpkgs_2": {
      "locked": {
        "lastModified": 1790480522,
        "narHash": "sha256-fXrm/q9klVBtVq5rGQ+XpI/dokPuSB15ZK2CZvWxXOk=",
        "owner": "NixOS",
        "repo": "nixpkgs",
        "rev": "8d5d270900d3fc75655ea2d9d248b234f6631439",
        "type": "github"
      },
      "original": {
        "owner": "NixOS",
        "ref": "nixpkgs-unstable",
        "repo": "nixpkgs",
        "type": "github"
      }
    },
    "private-part": {
      "flake": false,
      "locked": {
        "lastModified": 1768084710,
        "narHash": "sha256-5Y2f6aNSZMqwdgwnAMeovsI7RTlHUAbjoU56GpFUbGM=",
        "ref": "refs/heads/main",
        "rev": "00b996f14fb520eb8f110928e9700296d62f8e7f",
        "revCount": 19,
        "type": "git",
        "url": "ssh://git@github.com/kuznetsss/nix_private.git"
      },
      "original": {
        "type": "git",
        "url": "ssh://git@github.com/kuznetsss/nix_private.git"
      }
    },
    "root": {
      "inputs": {
        "agenix": "agenix",
        "disko": "disko",
        "home-manager": "home-manager_2",
        "home-manager-stable": "home-manager-stable",
        "nixpkgs": "nixpkgs_2",
        "nixpkgs-stable": "nixpkgs-stable",
        "private-part": "private-part"
      }
    }
  },
  "root": "root",
  "version": 7
}
